
Microsoft Visual Studio Solution File, Format Version 12.00
# Visual Studio 14
VisualStudioVersion = 14.0.25123.0
MinimumVisualStudioVersion = 10.0.40219.1
Project("{8BC9CEB8-8B4A-11D0-8D11-00A0C91BC942}") = "00_instance", "00_instance\00_instance.vcxproj", "{7B3EC4A6-2650-415A-BD88-C138CD36313A}"
EndProject
Project("{8BC9CEB8-8B4A-11D0-8D11-00A0C91BC942}") = "framework", "framework\framework.vcxproj", "{A2C5940E-F5C3-4060-AF84-A2323A7F4222}"
EndProject
Project("{8BC9CEB8-8B4A-11D0-8D11-00A0C91BC942}") = "01_device", "01_device\01_device.vcxproj", "{8B875CC6-3696-420E-8578-7E1FA95B3A15}"
EndProject
Project("{8BC9CEB8-8B4A-11D0-8D11-00A0C91BC942}") = "02_device_logical", "02_device_logical\02_device_logical.vcxproj", "{08A906A6-68E4-475A-9F7A-3B28B6E7B5E8}"
EndProject
Project("{8BC9CEB8-8B4A-11D0-8D11-00A0C91BC942}") = "03_command_buffer", "03_command_buffer\03_command_buffer.vcxproj", "{DB415BBB-0D4D-45F4-B8EC-70E814B9AE4B}"
EndProject
Project("{8BC9CEB8-8B4A-11D0-8D11-00A0C91BC942}") = "04_swap_chain", "04_swap_chain\04_swap_chain.vcxproj", "{E4D65E77-4CBE-44DE-B6C5-A5384D631242}"
EndProject
Project("{8BC9CEB8-8B4A-11D0-8D11-00A0C91BC942}") = "05_clear_display", "05_clear_display\05_clear_display.vcxproj", "{D1270591-403C-40DD-A02E-54F1FFD2590D}"
EndProject
Global
	GlobalSection(SolutionConfigurationPlatforms) = preSolution
		Debug|x64 = Debug|x64
		Debug|x86 = Debug|x86
		Release|x64 = Release|x64
		Release|x86 = Release|x86
	EndGlobalSection
	GlobalSection(ProjectConfigurationPlatforms) = postSolution
		{7B3EC4A6-2650-415A-BD88-C138CD36313A}.Debug|x64.ActiveCfg = Debug|x64
		{7B3EC4A6-2650-415A-BD88-C138CD36313A}.Debug|x64.Build.0 = Debug|x64
		{7B3EC4A6-2650-415A-BD88-C138CD36313A}.Debug|x86.ActiveCfg = Debug|Win32
		{7B3EC4A6-2650-415A-BD88-C138CD36313A}.Debug|x86.Build.0 = Debug|Win32
		{7B3EC4A6-2650-415A-BD88-C138CD36313A}.Release|x64.ActiveCfg = Release|x64
		{7B3EC4A6-2650-415A-BD88-C138CD36313A}.Release|x64.Build.0 = Release|x64
		{7B3EC4A6-2650-415A-BD88-C138CD36313A}.Release|x86.ActiveCfg = Release|Win32
		{7B3EC4A6-2650-415A-BD88-C138CD36313A}.Release|x86.Build.0 = Release|Win32
		{A2C5940E-F5C3-4060-AF84-A2323A7F4222}.Debug|x64.ActiveCfg = Debug|x64
		{A2C5940E-F5C3-4060-AF84-A2323A7F4222}.Debug|x64.Build.0 = Debug|x64
		{A2C5940E-F5C3-4060-AF84-A2323A7F4222}.Debug|x86.ActiveCfg = Debug|Win32
		{A2C5940E-F5C3-4060-AF84-A2323A7F4222}.Debug|x86.Build.0 = Debug|Win32
		{A2C5940E-F5C3-4060-AF84-A2323A7F4222}.Release|x64.ActiveCfg = Release|x64
		{A2C5940E-F5C3-4060-AF84-A2323A7F4222}.Release|x64.Build.0 = Release|x64
		{A2C5940E-F5C3-4060-AF84-A2323A7F4222}.Release|x86.ActiveCfg = Release|Win32
		{A2C5940E-F5C3-4060-AF84-A2323A7F4222}.Release|x86.Build.0 = Release|Win32
		{8B875CC6-3696-420E-8578-7E1FA95B3A15}.Debug|x64.ActiveCfg = Debug|x64
		{8B875CC6-3696-420E-8578-7E1FA95B3A15}.Debug|x64.Build.0 = Debug|x64
		{8B875CC6-3696-420E-8578-7E1FA95B3A15}.Debug|x86.ActiveCfg = Debug|Win32
		{8B875CC6-3696-420E-8578-7E1FA95B3A15}.Debug|x86.Build.0 = Debug|Win32
		{8B875CC6-3696-420E-8578-7E1FA95B3A15}.Release|x64.ActiveCfg = Release|x64
		{8B875CC6-3696-420E-8578-7E1FA95B3A15}.Release|x64.Build.0 = Release|x64
		{8B875CC6-3696-420E-8578-7E1FA95B3A15}.Release|x86.ActiveCfg = Release|Win32
		{8B875CC6-3696-420E-8578-7E1FA95B3A15}.Release|x86.Build.0 = Release|Win32
		{08A906A6-68E4-475A-9F7A-3B28B6E7B5E8}.Debug|x64.ActiveCfg = Debug|x64
		{08A906A6-68E4-475A-9F7A-3B28B6E7B5E8}.Debug|x64.Build.0 = Debug|x64
		{08A906A6-68E4-475A-9F7A-3B28B6E7B5E8}.Debug|x86.ActiveCfg = Debug|Win32
		{08A906A6-68E4-475A-9F7A-3B28B6E7B5E8}.Debug|x86.Build.0 = Debug|Win32
		{08A906A6-68E4-475A-9F7A-3B28B6E7B5E8}.Release|x64.ActiveCfg = Release|x64
		{08A906A6-68E4-475A-9F7A-3B28B6E7B5E8}.Release|x64.Build.0 = Release|x64
		{08A906A6-68E4-475A-9F7A-3B28B6E7B5E8}.Release|x86.ActiveCfg = Release|Win32
		{08A906A6-68E4-475A-9F7A-3B28B6E7B5E8}.Release|x86.Build.0 = Release|Win32
		{DB415BBB-0D4D-45F4-B8EC-70E814B9AE4B}.Debug|x64.ActiveCfg = Debug|x64
		{DB415BBB-0D4D-45F4-B8EC-70E814B9AE4B}.Debug|x64.Build.0 = Debug|x64
		{DB415BBB-0D4D-45F4-B8EC-70E814B9AE4B}.Debug|x86.ActiveCfg = Debug|Win32
		{DB415BBB-0D4D-45F4-B8EC-70E814B9AE4B}.Debug|x86.Build.0 = Debug|Win32
		{DB415BBB-0D4D-45F4-B8EC-70E814B9AE4B}.Release|x64.ActiveCfg = Release|x64
		{DB415BBB-0D4D-45F4-B8EC-70E814B9AE4B}.Release|x64.Build.0 = Release|x64
		{DB415BBB-0D4D-45F4-B8EC-70E814B9AE4B}.Release|x86.ActiveCfg = Release|Win32
		{DB415BBB-0D4D-45F4-B8EC-70E814B9AE4B}.Release|x86.Build.0 = Release|Win32
		{E4D65E77-4CBE-44DE-B6C5-A5384D631242}.Debug|x64.ActiveCfg = Debug|x64
		{E4D65E77-4CBE-44DE-B6C5-A5384D631242}.Debug|x64.Build.0 = Debug|x64
		{E4D65E77-4CBE-44DE-B6C5-A5384D631242}.Debug|x86.ActiveCfg = Debug|Win32
		{E4D65E77-4CBE-44DE-B6C5-A5384D631242}.Debug|x86.Build.0 = Debug|Win32
		{E4D65E77-4CBE-44DE-B6C5-A5384D631242}.Release|x64.ActiveCfg = Release|x64
		{E4D65E77-4CBE-44DE-B6C5-A5384D631242}.Release|x64.Build.0 = Release|x64
		{E4D65E77-4CBE-44DE-B6C5-A5384D631242}.Release|x86.ActiveCfg = Release|Win32
		{E4D65E77-4CBE-44DE-B6C5-A5384D631242}.Release|x86.Build.0 = Release|Win32
		{D1270591-403C-40DD-A02E-54F1FFD2590D}.Debug|x64.ActiveCfg = Debug|x64
		{D1270591-403C-40DD-A02E-54F1FFD2590D}.Debug|x64.Build.0 = Debug|x64
		{D1270591-403C-40DD-A02E-54F1FFD2590D}.Debug|x86.ActiveCfg = Debug|Win32
		{D1270591-403C-40DD-A02E-54F1FFD2590D}.Debug|x86.Build.0 = Debug|Win32
		{D1270591-403C-40DD-A02E-54F1FFD2590D}.Release|x64.ActiveCfg = Release|x64
		{D1270591-403C-40DD-A02E-54F1FFD2590D}.Release|x64.Build.0 = Release|x64
		{D1270591-403C-40DD-A02E-54F1FFD2590D}.Release|x86.ActiveCfg = Release|Win32
		{D1270591-403C-40DD-A02E-54F1FFD2590D}.Release|x86.Build.0 = Release|Win32
	EndGlobalSection
	GlobalSection(SolutionProperties) = preSolution
		HideSolutionNode = FALSE
	EndGlobalSection
EndGlobal
